// !$*UTF8*$!
{
	archiveVersion = 1;
	classes = {
	};
	objectVersion = 50;
	objects = {

/* Begin PBXBuildFile section */
		1D58AF4625BD6D16004BBFE2 /* Images.xcassets in Resources */ = {isa = PBXBuildFile; fileRef = 1D58AF4525BD6D16004BBFE2 /* Images.xcassets */; };
		1D58AF4925BD7B2B004BBFE2 /* StoriesView.swift in Sources */ = {isa = PBXBuildFile; fileRef = 1D58AF4825BD7B2B004BBFE2 /* StoriesView.swift */; };
		1D58AF4C25BD7B5C004BBFE2 /* FacebookPostView.swift in Sources */ = {isa = PBXBuildFile; fileRef = 1D58AF4B25BD7B5C004BBFE2 /* FacebookPostView.swift */; };
		1DC49EC825BCD72300704FCF /* FacebookApp.swift in Sources */ = {isa = PBXBuildFile; fileRef = 1DC49EC725BCD72300704FCF /* FacebookApp.swift */; };
		1DC49ECA25BCD72300704FCF /* ContentView.swift in Sources */ = {isa = PBXBuildFile; fileRef = 1DC49EC925BCD72300704FCF /* ContentView.swift */; };
		1DC49ECC25BCD72400704FCF /* Assets.xcassets in Resources */ = {isa = PBXBuildFile; fileRef = 1DC49ECB25BCD72400704FCF /* Assets.xcassets */; };
		1DC49ECF25BCD72400704FCF /* Preview Assets.xcassets in Resources */ = {isa = PBXBuildFile; fileRef = 1DC49ECE25BCD72400704FCF /* Preview Assets.xcassets */; };
/* End PBXBuildFile section */

/* Begin PBXFileReference section */
		1D58AF4525BD6D16004BBFE2 /* Images.xcassets */ = {isa = PBXFileReference; lastKnownFileType = folder.assetcatalog; path = Images.xcassets; sourceTree = "<group>"; };
		1D58AF4825BD7B2B004BBFE2 /* StoriesView.swift */ = {isa = PBXFileReference; lastKnownFileType = sourcecode.swift; path = StoriesView.swift; sourceTree = "<group>"; };
		1D58AF4B25BD7B5C004BBFE2 /* FacebookPostView.swift */ = {isa = PBXFileReference; lastKnownFileType = sourcecode.swift; path = FacebookPostView.swift; sourceTree = "<group>"; };
		1DC49EC425BCD72300704FCF /* Facebook.app */ = {isa = PBXFileReference; explicitFileType = wrapper.application; includeInIndex = 0; path = Facebook.app; sourceTree = BUILT_PRODUCTS_DIR; };
		1DC49EC725BCD72300704FCF /* FacebookApp.swift */ = {isa = PBXFileReference; lastKnownFileType = sourcecode.swift; path = FacebookApp.swift; sourceTree = "<group>"; };
		1DC49EC925BCD72300704FCF /* ContentView.swift */ = {isa = PBXFileReference; lastKnownFileType = sourcecode.swift; path = ContentView.swift; sourceTree = "<group>"; };
		1DC49ECB25BCD72400704FCF /* Assets.xcassets */ = {isa = PBXFileReference; lastKnownFileType = folder.assetcatalog; path = Assets.xcassets; sourceTree = "<group>"; };
		1DC49ECE25BCD72400704FCF /* Preview Assets.xcassets */ = {isa = PBXFileReference; lastKnownFileType = folder.assetcatalog; path = "Preview Assets.xcassets"; sourceTree = "<group>"; };
		1DC49ED025BCD72400704FCF /* Info.plist */ = {isa = PBXFileReference; lastKnownFileType = text.plist.xml; path = Info.plist; sourceTree = "<group>"; };
/* End PBXFileReference section */

/* Begin PBXFrameworksBuildPhase section */
		1DC49EC125BCD72300704FCF /* Frameworks */ = {
			isa = PBXFrameworksBuildPhase;
			buildActionMask = 2147483647;
			files = (
			);
			runOnlyForDeploymentPostprocessing = 0;
		};
/* End PBXFrameworksBuildPhase section */

/* Begin PBXGroup section */
		1DC49EBB25BCD72300704FCF = {
			isa = PBXGroup;
			children = (
				1DC49EC625BCD72300704FCF /* Facebook */,
				1DC49EC525BCD72300704FCF /* Products */,
			);
			sourceTree = "<group>";
		};
		1DC49EC525BCD72300704FCF /* Products */ = {
			isa = PBXGroup;
			children = (
				1DC49EC425BCD72300704FCF /* Facebook.app */,
			);
			name = Products;
			sourceTree = "<group>";
		};
		1DC49EC625BCD72300704FCF /* Facebook */ = {
			isa = PBXGroup;
			children = (
				1DC49EC725BCD72300704FCF /* FacebookApp.swift */,
				1D58AF4525BD6D16004BBFE2 /* Images.xcassets */,
				1DC49EC925BCD72300704FCF /* ContentView.swift */,
				1DC49ECB25BCD72400704FCF /* Assets.xcassets */,
				1DC49ED025BCD72400704FCF /* Info.plist */,
				1DC49ECD25BCD72400704FCF /* Preview Content */,
				1D58AF4825BD7B2B004BBFE2 /* StoriesView.swift */,
				1D58AF4B25BD7B5C004BBFE2 /* FacebookPostView.swift */,
			);
			path = Facebook;
			sourceTree = "<group>";
		};
		1DC49ECD25BCD72400704FCF /* Preview Content */ = {
			isa = PBXGroup;
			children = (
				1DC49ECE25BCD72400704FCF /* Preview Assets.xcassets */,
			);
			path = "Preview Content";
			sourceTree = "<group>";
		};
/* End PBXGroup section */

/* Begin PBXNativeTarget section */
		1DC49EC325BCD72300704FCF /* Facebook */ = {
			isa = PBXNativeTarget;
			buildConfigurationList = 1DC49ED325BCD72400704FCF /* Build configuration list for PBXNativeTarget "Facebook" */;
			buildPhases = (
				1DC49EC025BCD72300704FCF /* Sources */,
				1DC49EC125BCD72300704FCF /* Frameworks */,
				1DC49EC225BCD72300704FCF /* Resources */,
			);
			buildRules = (
			);
			dependencies = (
			);
			name = Facebook;
			productName = Facebook;
			productReference = 1DC49EC425BCD72300704FCF /* Facebook.app */;
			productType = "com.apple.product-type.application";
		};
/* End PBXNativeTarget section */

/* Begin PBXProject section */
		1DC49EBC25BCD72300704FCF /* Project object */ = {
			isa = PBXProject;
			attributes = {
				LastSwiftUpdateCheck = 1230;
				LastUpgradeCheck = 1230;
				TargetAttributes = {
					1DC49EC325BCD72300704FCF = {
						CreatedOnToolsVersion = 12.3;
					};
				};
			};
			buildConfigurationList = 1DC49EBF25BCD72300704FCF /* Build configuration list for PBXProject "Facebook" */;
			compatibilityVersion = "Xcode 9.3";
			developmentRegion = en;
			hasScannedForEncodings = 0;
			knownRegions = (
				en,
				Base,
			);
			mainGroup = 1DC49EBB25BCD72300704FCF;
			productRefGroup = 1DC49EC525BCD72300704FCF /* Products */;
			projectDirPath = "";
			projectRoot = "";
			targets = (
				1DC49EC325BCD72300704FCF /* Facebook */,
			);
		};
/* End PBXProject section */

/* Begin PBXResourcesBuildPhase section */
		1DC49EC225BCD72300704FCF /* Resources */ = {
			isa = PBXResourcesBuildPhase;
			buildActionMask = 2147483647;
			files = (
				1D58AF4625BD6D16004BBFE2 /* Images.xcassets in Resources */,
				1DC49ECF25BCD72400704FCF /* Preview Assets.xcassets in Resources */,
				1DC49ECC25BCD72400704FCF /* Assets.xcassets in Resources */,
			);
			runOnlyForDeploymentPostprocessing = 0;
		};
/* End PBXResourcesBuildPhase section */

/* Begin PBXSourcesBuildPhase section */
		1DC49EC025BCD72300704FCF /* Sources */ = {
			isa = PBXSourcesBuildPhase;
			buildActionMask = 2147483647;
			files = (
				1D58AF4C25BD7B5C004BBFE2 /* FacebookPostView.swift in Sources */,
				1DC49ECA25BCD72300704FCF /* ContentView.swift in Sources */,
				1DC49EC825BCD72300704FCF /* FacebookApp.swift in Sources */,
				1D58AF4925BD7B2B004BBFE2 /* StoriesView.swift in Sources */,
			);
			runOnlyForDeploymentPostprocessing = 0;
		};
/* End PBXSourcesBuildPhase section */

/* Begin XCBuildConfiguration section */
		1DC49ED125BCD72400704FCF /* Debug */ = {
			isa = XCBuildConfiguration;
			buildSettings = {
				ALWAYS_SEARCH_USER_PATHS = NO;
				CLANG_ANALYZER_NONNULL = YES;
				CLANG_ANALYZER_NUMBER_OBJECT_CONVERSION = YES_AGGRESSIVE;
				CLANG_CXX_LANGUAGE_STANDARD = "gnu++14";
				CLANG_CXX_LIBRARY = "libc++";
				CLANG_ENABLE_MODULES = YES;
				CLANG_ENABLE_OBJC_ARC = YES;
				CLANG_ENABLE_OBJC_WEAK = YES;
				CLANG_WARN_BLOCK_CAPTURE_AUTORELEASING = YES;
				CLANG_WARN_BOOL_CONVERSION = YES;
				CLANG_WARN_COMMA = YES;
				CLANG_WARN_CONSTANT_CONVERSION = YES;
				CLANG_WARN_DEPRECATED_OBJC_IMPLEMENTATIONS = YES;
				CLANG_WARN_DIRECT_OBJC_ISA_USAGE = YES_ERROR;
				CLANG_WARN_DOCUMENTATION_COMMENTS = YES;
				CLANG_WARN_EMPTY_BODY = YES;
				CLANG_WARN_ENUM_CONVERSION = YES;
				CLANG_WARN_INFINITE_RECURSION = YES;
				CLANG_WARN_INT_CONVERSION = YES;
				CLANG_WARN_NON_LITERAL_NULL_CONVERSION = YES;
				CLANG_WARN_OBJC_IMPLICIT_RETAIN_SELF = YES;
				CLANG_WARN_OBJC_LITERAL_CONVERSION = YES;
				CLANG_WARN_OBJC_ROOT_CLASS = YES_ERROR;
				CLANG_WARN_QUOTED_INCLUDE_IN_FRAMEWORK_HEADER = YES;
				CLANG_WARN_RANGE_LOOP_ANALYSIS = YES;
				CLANG_WARN_STRICT_PROTOTYPES = YES;
				CLANG_WARN_SUSPICIOUS_MOVE = YES;
				CLANG_WARN_UNGUARDED_AVAILABILITY = YES_AGGRESSIVE;
				CLANG_WARN_UNREACHABLE_CODE = YES;
				CLANG_WARN__DUPLICATE_METHOD_MATCH = YES;
				COPY_PHASE_STRIP = NO;
				DEBUG_INFORMATION_FORMAT = dwarf;
				ENABLE_STRICT_OBJC_MSGSEND = YES;
				ENABLE_TESTABILITY = YES;
				GCC_C_LANGUAGE_STANDARD = gnu11;
				GCC_DYNAMIC_NO_PIC = NO;
				GCC_NO_COMMON_BLOCKS = YES;
				GCC_OPTIMIZATION_LEVEL = 0;
				GCC_PREPROCESSOR_DEFINITIONS = (
					"DEBUG=1",
					"$(inherited)",
				);
				GCC_WARN_64_TO_32_BIT_CONVERSION = YES;
				GCC_WARN_ABOUT_RETURN_TYPE = YES_ERROR;
				GCC_WARN_UNDECLARED_SELECTOR = YES;
				GCC_WARN_UNINITIALIZED_AUTOS = YES_AGGRESSIVE;
				GCC_WARN_UNUSED_FUNCTION = YES;
				GCC_WARN_UNUSED_VARIABLE = YES;
				IPHONEOS_DEPLOYMENT_TARGET = 14.3;
				MTL_ENABLE_DEBUG_INFO = INCLUDE_SOURCE;
				MTL_FAST_MATH = YES;
				ONLY_ACTIVE_ARCH = YES;
				SDKROOT = iphoneos;
				SWIFT_ACTIVE_COMPILATION_CONDITIONS = DEBUG;
				SWIFT_OPTIMIZATION_LEVEL = "-Onone";
			};
			name = Debug;
		};
		1DC49ED225BCD72400704FCF /* Release */ = {
			isa = XCBuildConfiguration;
			buildSettings = {
				ALWAYS_SEARCH_USER_PATHS = NO;
				CLANG_ANALYZER_NONNULL = YES;
				CLANG_ANALYZER_NUMBER_OBJECT_CONVERSION = YES_AGGRESSIVE;
				CLANG_CXX_LANGUAGE_STANDARD = "gnu++14";
				CLANG_CXX_LIBRARY = "libc++";
				CLANG_ENABLE_MODULES = YES;
				CLANG_ENABLE_OBJC_ARC = YES;
				CLANG_ENABLE_OBJC_WEAK = YES;
				CLANG_WARN_BLOCK_CAPTURE_AUTORELEASING = YES;
				CLANG_WARN_BOOL_CONVERSION = YES;
				CLANG_WARN_COMMA = YES;
				CLANG_WARN_CONSTANT_CONVERSION = YES;
				CLANG_WARN_DEPRECATED_OBJC_IMPLEMENTATIONS = YES;
				CLANG_WARN_DIRECT_OBJC_ISA_USAGE = YES_ERROR;
				CLANG_WARN_DOCUMENTATION_COMMENTS = YES;
				CLANG_WARN_EMPTY_BODY = YES;
				CLANG_WARN_ENUM_CONVERSION = YES;
				CLANG_WARN_INFINITE_RECURSION = YES;
				CLANG_WARN_INT_CONVERSION = YES;
				CLANG_WARN_NON_LITERAL_NULL_CONVERSION = YES;
				CLANG_WARN_OBJC_IMPLICIT_RETAIN_SELF = YES;
				CLANG_WARN_OBJC_LITERAL_CONVERSION = YES;
				CLANG_WARN_OBJC_ROOT_CLASS = YES_ERROR;
				CLANG_WARN_QUOTED_INCLUDE_IN_FRAMEWORK_HEADER = YES;
				CLANG_WARN_RANGE_LOOP_ANALYSIS = YES;
				CLANG_WARN_STRICT_PROTOTYPES = YES;
				CLANG_WARN_SUSPICIOUS_MOVE = YES;
				CLANG_WARN_UNGUARDED_AVAILABILITY = YES_AGGRESSIVE;
				CLANG_WARN_UNREACHABLE_CODE = YES;
				CLANG_WARN__DUPLICATE_METHOD_MATCH = YES;
				COPY_PHASE_STRIP = NO;
				DEBUG_INFORMATION_FORMAT = "dwarf-with-dsym";
				ENABLE_NS_ASSERTIONS = NO;
				ENABLE_STRICT_OBJC_MSGSEND = YES;
				GCC_C_LANGUAGE_STANDARD = gnu11;
				GCC_NO_COMMON_BLOCKS = YES;
				GCC_WARN_64_TO_32_BIT_CONVERSION = YES;
				GCC_WARN_ABOUT_RETURN_TYPE = YES_ERROR;
				GCC_WARN_UNDECLARED_SELECTOR = YES;
				GCC_WARN_UNINITIALIZED_AUTOS = YES_AGGRESSIVE;
				GCC_WARN_UNUSED_FUNCTION = YES;
				GCC_WARN_UNUSED_VARIABLE = YES;
				IPHONEOS_DEPLOYMENT_TARGET = 14.3;
				MTL_ENABLE_DEBUG_INFO = NO;
				MTL_FAST_MATH = YES;
				SDKROOT = iphoneos;
				SWIFT_COMPILATION_MODE = wholemodule;
				SWIFT_OPTIMIZATION_LEVEL = "-O";
				VALIDATE_PRODUCT = YES;
			};
			name = Release;
		};
		1DC49ED425BCD72400704FCF /* Debug */ = {
			isa = XCBuildConfiguration;
			buildSettings = {
				ASSETCATALOG_COMPILER_APPICON_NAME = AppIcon;
				ASSETCATALOG_COMPILER_GLOBAL_ACCENT_COLOR_NAME = AccentColor;
				CODE_SIGN_STYLE = Automatic;
				DEVELOPMENT_ASSET_PATHS = "\"Facebook/Preview Content\"";
				ENABLE_PREVIEWS = YES;
				INFOPLIST_FILE = Facebook/Info.plist;
				IPHONEOS_DEPLOYMENT_TARGET = 14.0;
				LD_RUNPATH_SEARCH_PATHS = (
					"$(inherited)",
					"@executable_path/Frameworks",
				);
				PRODUCT_BUNDLE_IDENTIFIER = silviucapraru.Facebook;
				PRODUCT_NAME = "$(TARGET_NAME)";
				SWIFT_VERSION = 5.0;
				TARGETED_DEVICE_FAMILY = "1,2";
			};
			name = Debug;
		};
		1DC49ED525BCD72400704FCF /* Release */ = {
			isa = XCBuildConfiguration;
			buildSettings = {
				ASSETCATALOG_COMPILER_APPICON_NAME = AppIcon;
				ASSETCATALOG_COMPILER_GLOBAL_ACCENT_COLOR_NAME = AccentColor;
				CODE_SIGN_STYLE = Automatic;
				DEVELOPMENT_ASSET_PATHS = "\"Facebook/Preview Content\"";
				ENABLE_PREVIEWS = YES;
				INFOPLIST_FILE = Facebook/Info.plist;
				IPHONEOS_DEPLOYMENT_TARGET = 14.0;
				LD_RUNPATH_SEARCH_PATHS = (
					"$(inherited)",
					"@executable_path/Frameworks",
				);
				PRODUCT_BUNDLE_IDENTIFIER = silviucapraru.Facebook;
				PRODUCT_NAME = "$(TARGET_NAME)";
				SWIFT_VERSION = 5.0;
				TARGETED_DEVICE_FAMILY = "1,2";
			};
			name = Release;
		};
/* End XCBuildConfiguration section */

/* Begin XCConfigurationList section */
		1DC49EBF25BCD72300704FCF /* Build configuration list for PBXProject "Facebook" */ = {
			isa = XCConfigurationList;
			buildConfigurations = (
				1DC49ED125BCD72400704FCF /* Debug */,
				1DC49ED225BCD72400704FCF /* Release */,
			);
			defaultConfigurationIsVisible = 0;
			defaultConfigurationName = Release;
		};
		1DC49ED325BCD72400704FCF /* Build configuration list for PBXNativeTarget "Facebook" */ = {
			isa = XCConfigurationList;
			buildConfigurations = (
				1DC49ED425BCD72400704FCF /* Debug */,
				1DC49ED525BCD72400704FCF /* Release */,
			);
			defaultConfigurationIsVisible = 0;
			defaultConfigurationName = Release;
		};
/* End XCConfigurationList section */
	};
	rootObject = 1DC49EBC25BCD72300704FCF /* Project object */;
}
